
Microsoft Visual Studio Solution File, Format Version 12.00
# Visual Studio 2012
Project("{FAE04EC0-301F-11D3-BF4B-00C04F79EFBC}") = "HtmlOptimizerMvc4", "HtmlOptimizerMvc4\HtmlOptimizerMvc4.csproj", "{263D721C-C33D-4283-8610-565383893E9C}"
EndProject
Project("{FAE04EC0-301F-11D3-BF4B-00C04F79EFBC}") = "Mvc4RazorSample", "Mvc4RazorSample\Mvc4RazorSample.csproj", "{A138A55E-1D7F-4449-B961-F1B9B316735D}"
EndProject
Project("{FAE04EC0-301F-11D3-BF4B-00C04F79EFBC}") = "HtmlOptimizerMvc4Tests", "HtmlOptimizerMvc4Tests\HtmlOptimizerMvc4Tests.csproj", "{AB137541-DCC0-4105-A5BF-8EC35180D514}"
EndProject
Global
	GlobalSection(SolutionConfigurationPlatforms) = preSolution
		Debug|Any CPU = Debug|Any CPU
		Release|Any CPU = Release|Any CPU
	EndGlobalSection
	GlobalSection(ProjectConfigurationPlatforms) = postSolution
		{263D721C-C33D-4283-8610-565383893E9C}.Debug|Any CPU.ActiveCfg = Debug|Any CPU
		{263D721C-C33D-4283-8610-565383893E9C}.Debug|Any CPU.Build.0 = Debug|Any CPU
		{263D721C-C33D-4283-8610-565383893E9C}.Release|Any CPU.ActiveCfg = Release|Any CPU
		{263D721C-C33D-4283-8610-565383893E9C}.Release|Any CPU.Build.0 = Release|Any CPU
		{A138A55E-1D7F-4449-B961-F1B9B316735D}.Debug|Any CPU.ActiveCfg = Debug|Any CPU
		{A138A55E-1D7F-4449-B961-F1B9B316735D}.Debug|Any CPU.Build.0 = Debug|Any CPU
		{A138A55E-1D7F-4449-B961-F1B9B316735D}.Release|Any CPU.ActiveCfg = Release|Any CPU
		{A138A55E-1D7F-4449-B961-F1B9B316735D}.Release|Any CPU.Build.0 = Release|Any CPU
		{AB137541-DCC0-4105-A5BF-8EC35180D514}.Debug|Any CPU.ActiveCfg = Debug|Any CPU
		{AB137541-DCC0-4105-A5BF-8EC35180D514}.Debug|Any CPU.Build.0 = Debug|Any CPU
		{AB137541-DCC0-4105-A5BF-8EC35180D514}.Release|Any CPU.ActiveCfg = Release|Any CPU
		{AB137541-DCC0-4105-A5BF-8EC35180D514}.Release|Any CPU.Build.0 = Release|Any CPU
	EndGlobalSection
	GlobalSection(SolutionProperties) = preSolution
		HideSolutionNode = FALSE
	EndGlobalSection
EndGlobal
